
Microsoft Visual Studio Solution File, Format Version 12.00
# Visual Studio 14
VisualStudioVersion = 14.0.25420.1
MinimumVisualStudioVersion = 10.0.40219.1
Project("{FAE04EC0-301F-11D3-BF4B-00C04F79EFBC}") = "Dork.App", "Dork.App\Dork.App\Dork.App.csproj", "{6E21A545-A3DD-43FD-9842-200FFE92B294}"
EndProject
Project("{FAE04EC0-301F-11D3-BF4B-00C04F79EFBC}") = "Dork.App.Droid", "Dork.App\Dork.App.Droid\Dork.App.Droid.csproj", "{D8FDB3A0-5655-41AD-B2BA-1E33F4D254CF}"
EndProject
Project("{FAE04EC0-301F-11D3-BF4B-00C04F79EFBC}") = "Dork.App.iOS", "Dork.App\Dork.App.iOS\Dork.App.iOS.csproj", "{AA457FEA-03DA-43B7-B332-7819B6AC1115}"
EndProject
Project("{FAE04EC0-301F-11D3-BF4B-00C04F79EFBC}") = "Dork.App.UWP", "Dork.App\Dork.App.UWP\Dork.App.UWP.csproj", "{A9FFF23A-B513-439E-B249-B8B2FC8E3A9A}"
EndProject
Global
	GlobalSection(SolutionConfigurationPlatforms) = preSolution
		Ad-Hoc|Any CPU = Ad-Hoc|Any CPU
		Ad-Hoc|ARM = Ad-Hoc|ARM
		Ad-Hoc|iPhone = Ad-Hoc|iPhone
		Ad-Hoc|iPhoneSimulator = Ad-Hoc|iPhoneSimulator
		Ad-Hoc|x64 = Ad-Hoc|x64
		Ad-Hoc|x86 = Ad-Hoc|x86
		AppStore|Any CPU = AppStore|Any CPU
		AppStore|ARM = AppStore|ARM
		AppStore|iPhone = AppStore|iPhone
		AppStore|iPhoneSimulator = AppStore|iPhoneSimulator
		AppStore|x64 = AppStore|x64
		AppStore|x86 = AppStore|x86
		Debug|Any CPU = Debug|Any CPU
		Debug|ARM = Debug|ARM
		Debug|iPhone = Debug|iPhone
		Debug|iPhoneSimulator = Debug|iPhoneSimulator
		Debug|x64 = Debug|x64
		Debug|x86 = Debug|x86
		Release|Any CPU = Release|Any CPU
		Release|ARM = Release|ARM
		Release|iPhone = Release|iPhone
		Release|iPhoneSimulator = Release|iPhoneSimulator
		Release|x64 = Release|x64
		Release|x86 = Release|x86
	EndGlobalSection
	GlobalSection(ProjectConfigurationPlatforms) = postSolution
		{6E21A545-A3DD-43FD-9842-200FFE92B294}.Ad-Hoc|Any CPU.ActiveCfg = Release|Any CPU
		{6E21A545-A3DD-43FD-9842-200FFE92B294}.Ad-Hoc|Any CPU.Build.0 = Release|Any CPU
		{6E21A545-A3DD-43FD-9842-200FFE92B294}.Ad-Hoc|ARM.ActiveCfg = Release|Any CPU
		{6E21A545-A3DD-43FD-9842-200FFE92B294}.Ad-Hoc|ARM.Build.0 = Release|Any CPU
		{6E21A545-A3DD-43FD-9842-200FFE92B294}.Ad-Hoc|iPhone.ActiveCfg = Release|Any CPU
		{6E21A545-A3DD-43FD-9842-200FFE92B294}.Ad-Hoc|iPhone.Build.0 = Release|Any CPU
		{6E21A545-A3DD-43FD-9842-200FFE92B294}.Ad-Hoc|iPhoneSimulator.ActiveCfg = Release|Any CPU
		{6E21A545-A3DD-43FD-9842-200FFE92B294}.Ad-Hoc|iPhoneSimulator.Build.0 = Release|Any CPU
		{6E21A545-A3DD-43FD-9842-200FFE92B294}.Ad-Hoc|x64.ActiveCfg = Release|Any CPU
		{6E21A545-A3DD-43FD-9842-200FFE92B294}.Ad-Hoc|x64.Build.0 = Release|Any CPU
		{6E21A545-A3DD-43FD-9842-200FFE92B294}.Ad-Hoc|x86.ActiveCfg = Release|Any CPU
		{6E21A545-A3DD-43FD-9842-200FFE92B294}.Ad-Hoc|x86.Build.0 = Release|Any CPU
		{6E21A545-A3DD-43FD-9842-200FFE92B294}.AppStore|Any CPU.ActiveCfg = Release|Any CPU
		{6E21A545-A3DD-43FD-9842-200FFE92B294}.AppStore|Any CPU.Build.0 = Release|Any CPU
		{6E21A545-A3DD-43FD-9842-200FFE92B294}.AppStore|ARM.ActiveCfg = Release|Any CPU
		{6E21A545-A3DD-43FD-9842-200FFE92B294}.AppStore|ARM.Build.0 = Release|Any CPU
		{6E21A545-A3DD-43FD-9842-200FFE92B294}.AppStore|iPhone.ActiveCfg = Release|Any CPU
		{6E21A545-A3DD-43FD-9842-200FFE92B294}.AppStore|iPhone.Build.0 = Release|Any CPU
		{6E21A545-A3DD-43FD-9842-200FFE92B294}.AppStore|iPhoneSimulator.ActiveCfg = Release|Any CPU
		{6E21A545-A3DD-43FD-9842-200FFE92B294}.AppStore|iPhoneSimulator.Build.0 = Release|Any CPU
		{6E21A545-A3DD-43FD-9842-200FFE92B294}.AppStore|x64.ActiveCfg = Release|Any CPU
		{6E21A545-A3DD-43FD-9842-200FFE92B294}.AppStore|x64.Build.0 = Release|Any CPU
		{6E21A545-A3DD-43FD-9842-200FFE92B294}.AppStore|x86.ActiveCfg = Release|Any CPU
		{6E21A545-A3DD-43FD-9842-200FFE92B294}.AppStore|x86.Build.0 = Release|Any CPU
		{6E21A545-A3DD-43FD-9842-200FFE92B294}.Debug|Any CPU.ActiveCfg = Debug|Any CPU
		{6E21A545-A3DD-43FD-9842-200FFE92B294}.Debug|Any CPU.Build.0 = Debug|Any CPU
		{6E21A545-A3DD-43FD-9842-200FFE92B294}.Debug|ARM.ActiveCfg = Debug|Any CPU
		{6E21A545-A3DD-43FD-9842-200FFE92B294}.Debug|ARM.Build.0 = Debug|Any CPU
		{6E21A545-A3DD-43FD-9842-200FFE92B294}.Debug|iPhone.ActiveCfg = Debug|Any CPU
		{6E21A545-A3DD-43FD-9842-200FFE92B294}.Debug|iPhone.Build.0 = Debug|Any CPU
		{6E21A545-A3DD-43FD-9842-200FFE92B294}.Debug|iPhoneSimulator.ActiveCfg = Debug|Any CPU
		{6E21A545-A3DD-43FD-9842-200FFE92B294}.Debug|iPhoneSimulator.Build.0 = Debug|Any CPU
		{6E21A545-A3DD-43FD-9842-200FFE92B294}.Debug|x64.ActiveCfg = Debug|Any CPU
		{6E21A545-A3DD-43FD-9842-200FFE92B294}.Debug|x64.Build.0 = Debug|Any CPU
		{6E21A545-A3DD-43FD-9842-200FFE92B294}.Debug|x86.ActiveCfg = Debug|Any CPU
		{6E21A545-A3DD-43FD-9842-200FFE92B294}.Debug|x86.Build.0 = Debug|Any CPU
		{6E21A545-A3DD-43FD-9842-200FFE92B294}.Release|Any CPU.ActiveCfg = Release|Any CPU
		{6E21A545-A3DD-43FD-9842-200FFE92B294}.Release|Any CPU.Build.0 = Release|Any CPU
		{6E21A545-A3DD-43FD-9842-200FFE92B294}.Release|ARM.ActiveCfg = Release|Any CPU
		{6E21A545-A3DD-43FD-9842-200FFE92B294}.Release|ARM.Build.0 = Release|Any CPU
		{6E21A545-A3DD-43FD-9842-200FFE92B294}.Release|iPhone.ActiveCfg = Release|Any CPU
		{6E21A545-A3DD-43FD-9842-200FFE92B294}.Release|iPhone.Build.0 = Release|Any CPU
		{6E21A545-A3DD-43FD-9842-200FFE92B294}.Release|iPhoneSimulator.ActiveCfg = Release|Any CPU
		{6E21A545-A3DD-43FD-9842-200FFE92B294}.Release|iPhoneSimulator.Build.0 = Release|Any CPU
		{6E21A545-A3DD-43FD-9842-200FFE92B294}.Release|x64.ActiveCfg = Release|Any CPU
		{6E21A545-A3DD-43FD-9842-200FFE92B294}.Release|x64.Build.0 = Release|Any CPU
		{6E21A545-A3DD-43FD-9842-200FFE92B294}.Release|x86.ActiveCfg = Release|Any CPU
		{6E21A545-A3DD-43FD-9842-200FFE92B294}.Release|x86.Build.0 = Release|Any CPU
		{D8FDB3A0-5655-41AD-B2BA-1E33F4D254CF}.Ad-Hoc|Any CPU.ActiveCfg = Release|Any CPU
		{D8FDB3A0-5655-41AD-B2BA-1E33F4D254CF}.Ad-Hoc|Any CPU.Build.0 = Release|Any CPU
		{D8FDB3A0-5655-41AD-B2BA-1E33F4D254CF}.Ad-Hoc|Any CPU.Deploy.0 = Release|Any CPU
		{D8FDB3A0-5655-41AD-B2BA-1E33F4D254CF}.Ad-Hoc|ARM.ActiveCfg = Release|Any CPU
		{D8FDB3A0-5655-41AD-B2BA-1E33F4D254CF}.Ad-Hoc|ARM.Build.0 = Release|Any CPU
		{D8FDB3A0-5655-41AD-B2BA-1E33F4D254CF}.Ad-Hoc|ARM.Deploy.0 = Release|Any CPU
		{D8FDB3A0-5655-41AD-B2BA-1E33F4D254CF}.Ad-Hoc|iPhone.ActiveCfg = Release|Any CPU
		{D8FDB3A0-5655-41AD-B2BA-1E33F4D254CF}.Ad-Hoc|iPhone.Build.0 = Release|Any CPU
		{D8FDB3A0-5655-41AD-B2BA-1E33F4D254CF}.Ad-Hoc|iPhone.Deploy.0 = Release|Any CPU
		{D8FDB3A0-5655-41AD-B2BA-1E33F4D254CF}.Ad-Hoc|iPhoneSimulator.ActiveCfg = Release|Any CPU
		{D8FDB3A0-5655-41AD-B2BA-1E33F4D254CF}.Ad-Hoc|iPhoneSimulator.Build.0 = Release|Any CPU
		{D8FDB3A0-5655-41AD-B2BA-1E33F4D254CF}.Ad-Hoc|iPhoneSimulator.Deploy.0 = Release|Any CPU
		{D8FDB3A0-5655-41AD-B2BA-1E33F4D254CF}.Ad-Hoc|x64.ActiveCfg = Release|Any CPU
		{D8FDB3A0-5655-41AD-B2BA-1E33F4D254CF}.Ad-Hoc|x64.Build.0 = Release|Any CPU
		{D8FDB3A0-5655-41AD-B2BA-1E33F4D254CF}.Ad-Hoc|x64.Deploy.0 = Release|Any CPU
		{D8FDB3A0-5655-41AD-B2BA-1E33F4D254CF}.Ad-Hoc|x86.ActiveCfg = Release|Any CPU
		{D8FDB3A0-5655-41AD-B2BA-1E33F4D254CF}.Ad-Hoc|x86.Build.0 = Release|Any CPU
		{D8FDB3A0-5655-41AD-B2BA-1E33F4D254CF}.Ad-Hoc|x86.Deploy.0 = Release|Any CPU
		{D8FDB3A0-5655-41AD-B2BA-1E33F4D254CF}.AppStore|Any CPU.ActiveCfg = Release|Any CPU
		{D8FDB3A0-5655-41AD-B2BA-1E33F4D254CF}.AppStore|Any CPU.Build.0 = Release|Any CPU
		{D8FDB3A0-5655-41AD-B2BA-1E33F4D254CF}.AppStore|Any CPU.Deploy.0 = Release|Any CPU
		{D8FDB3A0-5655-41AD-B2BA-1E33F4D254CF}.AppStore|ARM.ActiveCfg = Release|Any CPU
		{D8FDB3A0-5655-41AD-B2BA-1E33F4D254CF}.AppStore|ARM.Build.0 = Release|Any CPU
		{D8FDB3A0-5655-41AD-B2BA-1E33F4D254CF}.AppStore|ARM.Deploy.0 = Release|Any CPU
		{D8FDB3A0-5655-41AD-B2BA-1E33F4D254CF}.AppStore|iPhone.ActiveCfg = Release|Any CPU
		{D8FDB3A0-5655-41AD-B2BA-1E33F4D254CF}.AppStore|iPhone.Build.0 = Release|Any CPU
		{D8FDB3A0-5655-41AD-B2BA-1E33F4D254CF}.AppStore|iPhone.Deploy.0 = Release|Any CPU
		{D8FDB3A0-5655-41AD-B2BA-1E33F4D254CF}.AppStore|iPhoneSimulator.ActiveCfg = Release|Any CPU
		{D8FDB3A0-5655-41AD-B2BA-1E33F4D254CF}.AppStore|iPhoneSimulator.Build.0 = Release|Any CPU
		{D8FDB3A0-5655-41AD-B2BA-1E33F4D254CF}.AppStore|iPhoneSimulator.Deploy.0 = Release|Any CPU
		{D8FDB3A0-5655-41AD-B2BA-1E33F4D254CF}.AppStore|x64.ActiveCfg = Release|Any CPU
		{D8FDB3A0-5655-41AD-B2BA-1E33F4D254CF}.AppStore|x64.Build.0 = Release|Any CPU
		{D8FDB3A0-5655-41AD-B2BA-1E33F4D254CF}.AppStore|x64.Deploy.0 = Release|Any CPU
		{D8FDB3A0-5655-41AD-B2BA-1E33F4D254CF}.AppStore|x86.ActiveCfg = Release|Any CPU
		{D8FDB3A0-5655-41AD-B2BA-1E33F4D254CF}.AppStore|x86.Build.0 = Release|Any CPU
		{D8FDB3A0-5655-41AD-B2BA-1E33F4D254CF}.AppStore|x86.Deploy.0 = Release|Any CPU
		{D8FDB3A0-5655-41AD-B2BA-1E33F4D254CF}.Debug|Any CPU.ActiveCfg = Debug|Any CPU
		{D8FDB3A0-5655-41AD-B2BA-1E33F4D254CF}.Debug|Any CPU.Build.0 = Debug|Any CPU
		{D8FDB3A0-5655-41AD-B2BA-1E33F4D254CF}.Debug|Any CPU.Deploy.0 = Debug|Any CPU
		{D8FDB3A0-5655-41AD-B2BA-1E33F4D254CF}.Debug|ARM.ActiveCfg = Debug|Any CPU
		{D8FDB3A0-5655-41AD-B2BA-1E33F4D254CF}.Debug|ARM.Build.0 = Debug|Any CPU
		{D8FDB3A0-5655-41AD-B2BA-1E33F4D254CF}.Debug|ARM.Deploy.0 = Debug|Any CPU
		{D8FDB3A0-5655-41AD-B2BA-1E33F4D254CF}.Debug|iPhone.ActiveCfg = Debug|Any CPU
		{D8FDB3A0-5655-41AD-B2BA-1E33F4D254CF}.Debug|iPhone.Build.0 = Debug|Any CPU
		{D8FDB3A0-5655-41AD-B2BA-1E33F4D254CF}.Debug|iPhone.Deploy.0 = Debug|Any CPU
		{D8FDB3A0-5655-41AD-B2BA-1E33F4D254CF}.Debug|iPhoneSimulator.ActiveCfg = Debug|Any CPU
		{D8FDB3A0-5655-41AD-B2BA-1E33F4D254CF}.Debug|iPhoneSimulator.Build.0 = Debug|Any CPU
		{D8FDB3A0-5655-41AD-B2BA-1E33F4D254CF}.Debug|iPhoneSimulator.Deploy.0 = Debug|Any CPU
		{D8FDB3A0-5655-41AD-B2BA-1E33F4D254CF}.Debug|x64.ActiveCfg = Debug|Any CPU
		{D8FDB3A0-5655-41AD-B2BA-1E33F4D254CF}.Debug|x64.Build.0 = Debug|Any CPU
		{D8FDB3A0-5655-41AD-B2BA-1E33F4D254CF}.Debug|x64.Deploy.0 = Debug|Any CPU
		{D8FDB3A0-5655-41AD-B2BA-1E33F4D254CF}.Debug|x86.ActiveCfg = Debug|Any CPU
		{D8FDB3A0-5655-41AD-B2BA-1E33F4D254CF}.Debug|x86.Build.0 = Debug|Any CPU
		{D8FDB3A0-5655-41AD-B2BA-1E33F4D254CF}.Debug|x86.Deploy.0 = Debug|Any CPU
		{D8FDB3A0-5655-41AD-B2BA-1E33F4D254CF}.Release|Any CPU.ActiveCfg = Release|Any CPU
		{D8FDB3A0-5655-41AD-B2BA-1E33F4D254CF}.Release|Any CPU.Build.0 = Release|Any CPU
		{D8FDB3A0-5655-41AD-B2BA-1E33F4D254CF}.Release|Any CPU.Deploy.0 = Release|Any CPU
		{D8FDB3A0-5655-41AD-B2BA-1E33F4D254CF}.Release|ARM.ActiveCfg = Release|Any CPU
		{D8FDB3A0-5655-41AD-B2BA-1E33F4D254CF}.Release|ARM.Build.0 = Release|Any CPU
		{D8FDB3A0-5655-41AD-B2BA-1E33F4D254CF}.Release|ARM.Deploy.0 = Release|Any CPU
		{D8FDB3A0-5655-41AD-B2BA-1E33F4D254CF}.Release|iPhone.ActiveCfg = Release|Any CPU
		{D8FDB3A0-5655-41AD-B2BA-1E33F4D254CF}.Release|iPhone.Build.0 = Release|Any CPU
		{D8FDB3A0-5655-41AD-B2BA-1E33F4D254CF}.Release|iPhone.Deploy.0 = Release|Any CPU
		{D8FDB3A0-5655-41AD-B2BA-1E33F4D254CF}.Release|iPhoneSimulator.ActiveCfg = Release|Any CPU
		{D8FDB3A0-5655-41AD-B2BA-1E33F4D254CF}.Release|iPhoneSimulator.Build.0 = Release|Any CPU
		{D8FDB3A0-5655-41AD-B2BA-1E33F4D254CF}.Release|iPhoneSimulator.Deploy.0 = Release|Any CPU
		{D8FDB3A0-5655-41AD-B2BA-1E33F4D254CF}.Release|x64.ActiveCfg = Release|Any CPU
		{D8FDB3A0-5655-41AD-B2BA-1E33F4D254CF}.Release|x64.Build.0 = Release|Any CPU
		{D8FDB3A0-5655-41AD-B2BA-1E33F4D254CF}.Release|x64.Deploy.0 = Release|Any CPU
		{D8FDB3A0-5655-41AD-B2BA-1E33F4D254CF}.Release|x86.ActiveCfg = Release|Any CPU
		{D8FDB3A0-5655-41AD-B2BA-1E33F4D254CF}.Release|x86.Build.0 = Release|Any CPU
		{D8FDB3A0-5655-41AD-B2BA-1E33F4D254CF}.Release|x86.Deploy.0 = Release|Any CPU
		{AA457FEA-03DA-43B7-B332-7819B6AC1115}.Ad-Hoc|Any CPU.ActiveCfg = Ad-Hoc|iPhone
		{AA457FEA-03DA-43B7-B332-7819B6AC1115}.Ad-Hoc|ARM.ActiveCfg = Ad-Hoc|iPhone
		{AA457FEA-03DA-43B7-B332-7819B6AC1115}.Ad-Hoc|iPhone.ActiveCfg = Ad-Hoc|iPhone
		{AA457FEA-03DA-43B7-B332-7819B6AC1115}.Ad-Hoc|iPhone.Build.0 = Ad-Hoc|iPhone
		{AA457FEA-03DA-43B7-B332-7819B6AC1115}.Ad-Hoc|iPhoneSimulator.ActiveCfg = Ad-Hoc|iPhoneSimulator
		{AA457FEA-03DA-43B7-B332-7819B6AC1115}.Ad-Hoc|iPhoneSimulator.Build.0 = Ad-Hoc|iPhoneSimulator
		{AA457FEA-03DA-43B7-B332-7819B6AC1115}.Ad-Hoc|x64.ActiveCfg = Ad-Hoc|iPhone
		{AA457FEA-03DA-43B7-B332-7819B6AC1115}.Ad-Hoc|x86.ActiveCfg = Ad-Hoc|iPhone
		{AA457FEA-03DA-43B7-B332-7819B6AC1115}.AppStore|Any CPU.ActiveCfg = AppStore|iPhone
		{AA457FEA-03DA-43B7-B332-7819B6AC1115}.AppStore|ARM.ActiveCfg = AppStore|iPhone
		{AA457FEA-03DA-43B7-B332-7819B6AC1115}.AppStore|iPhone.ActiveCfg = AppStore|iPhone
		{AA457FEA-03DA-43B7-B332-7819B6AC1115}.AppStore|iPhone.Build.0 = AppStore|iPhone
		{AA457FEA-03DA-43B7-B332-7819B6AC1115}.AppStore|iPhoneSimulator.ActiveCfg = AppStore|iPhoneSimulator
		{AA457FEA-03DA-43B7-B332-7819B6AC1115}.AppStore|iPhoneSimulator.Build.0 = AppStore|iPhoneSimulator
		{AA457FEA-03DA-43B7-B332-7819B6AC1115}.AppStore|x64.ActiveCfg = AppStore|iPhone
		{AA457FEA-03DA-43B7-B332-7819B6AC1115}.AppStore|x86.ActiveCfg = AppStore|iPhone
		{AA457FEA-03DA-43B7-B332-7819B6AC1115}.Debug|Any CPU.ActiveCfg = Debug|iPhone
		{AA457FEA-03DA-43B7-B332-7819B6AC1115}.Debug|ARM.ActiveCfg = Debug|iPhone
		{AA457FEA-03DA-43B7-B332-7819B6AC1115}.Debug|iPhone.ActiveCfg = Debug|iPhone
		{AA457FEA-03DA-43B7-B332-7819B6AC1115}.Debug|iPhone.Build.0 = Debug|iPhone
		{AA457FEA-03DA-43B7-B332-7819B6AC1115}.Debug|iPhoneSimulator.ActiveCfg = Debug|iPhoneSimulator
		{AA457FEA-03DA-43B7-B332-7819B6AC1115}.Debug|iPhoneSimulator.Build.0 = Debug|iPhoneSimulator
		{AA457FEA-03DA-43B7-B332-7819B6AC1115}.Debug|x64.ActiveCfg = Debug|iPhone
		{AA457FEA-03DA-43B7-B332-7819B6AC1115}.Debug|x86.ActiveCfg = Debug|iPhone
		{AA457FEA-03DA-43B7-B332-7819B6AC1115}.Release|Any CPU.ActiveCfg = Release|iPhone
		{AA457FEA-03DA-43B7-B332-7819B6AC1115}.Release|ARM.ActiveCfg = Release|iPhone
		{AA457FEA-03DA-43B7-B332-7819B6AC1115}.Release|iPhone.ActiveCfg = Release|iPhone
		{AA457FEA-03DA-43B7-B332-7819B6AC1115}.Release|iPhone.Build.0 = Release|iPhone
		{AA457FEA-03DA-43B7-B332-7819B6AC1115}.Release|iPhoneSimulator.ActiveCfg = Release|iPhoneSimulator
		{AA457FEA-03DA-43B7-B332-7819B6AC1115}.Release|iPhoneSimulator.Build.0 = Release|iPhoneSimulator
		{AA457FEA-03DA-43B7-B332-7819B6AC1115}.Release|x64.ActiveCfg = Release|iPhone
		{AA457FEA-03DA-43B7-B332-7819B6AC1115}.Release|x86.ActiveCfg = Release|iPhone
		{A9FFF23A-B513-439E-B249-B8B2FC8E3A9A}.Ad-Hoc|Any CPU.ActiveCfg = Release|x86
		{A9FFF23A-B513-439E-B249-B8B2FC8E3A9A}.Ad-Hoc|Any CPU.Build.0 = Release|x86
		{A9FFF23A-B513-439E-B249-B8B2FC8E3A9A}.Ad-Hoc|Any CPU.Deploy.0 = Release|x86
		{A9FFF23A-B513-439E-B249-B8B2FC8E3A9A}.Ad-Hoc|ARM.ActiveCfg = Release|ARM
		{A9FFF23A-B513-439E-B249-B8B2FC8E3A9A}.Ad-Hoc|ARM.Build.0 = Release|ARM
		{A9FFF23A-B513-439E-B249-B8B2FC8E3A9A}.Ad-Hoc|ARM.Deploy.0 = Release|ARM
		{A9FFF23A-B513-439E-B249-B8B2FC8E3A9A}.Ad-Hoc|iPhone.ActiveCfg = Release|x86
		{A9FFF23A-B513-439E-B249-B8B2FC8E3A9A}.Ad-Hoc|iPhone.Build.0 = Release|x86
		{A9FFF23A-B513-439E-B249-B8B2FC8E3A9A}.Ad-Hoc|iPhone.Deploy.0 = Release|x86
		{A9FFF23A-B513-439E-B249-B8B2FC8E3A9A}.Ad-Hoc|iPhoneSimulator.ActiveCfg = Release|x86
		{A9FFF23A-B513-439E-B249-B8B2FC8E3A9A}.Ad-Hoc|iPhoneSimulator.Build.0 = Release|x86
		{A9FFF23A-B513-439E-B249-B8B2FC8E3A9A}.Ad-Hoc|iPhoneSimulator.Deploy.0 = Release|x86
		{A9FFF23A-B513-439E-B249-B8B2FC8E3A9A}.Ad-Hoc|x64.ActiveCfg = Release|x64
		{A9FFF23A-B513-439E-B249-B8B2FC8E3A9A}.Ad-Hoc|x64.Build.0 = Release|x64
		{A9FFF23A-B513-439E-B249-B8B2FC8E3A9A}.Ad-Hoc|x64.Deploy.0 = Release|x64
		{A9FFF23A-B513-439E-B249-B8B2FC8E3A9A}.Ad-Hoc|x86.ActiveCfg = Release|x86
		{A9FFF23A-B513-439E-B249-B8B2FC8E3A9A}.Ad-Hoc|x86.Build.0 = Release|x86
		{A9FFF23A-B513-439E-B249-B8B2FC8E3A9A}.Ad-Hoc|x86.Deploy.0 = Release|x86
		{A9FFF23A-B513-439E-B249-B8B2FC8E3A9A}.AppStore|Any CPU.ActiveCfg = Release|x86
		{A9FFF23A-B513-439E-B249-B8B2FC8E3A9A}.AppStore|Any CPU.Build.0 = Release|x86
		{A9FFF23A-B513-439E-B249-B8B2FC8E3A9A}.AppStore|Any CPU.Deploy.0 = Release|x86
		{A9FFF23A-B513-439E-B249-B8B2FC8E3A9A}.AppStore|ARM.ActiveCfg = Release|ARM
		{A9FFF23A-B513-439E-B249-B8B2FC8E3A9A}.AppStore|ARM.Build.0 = Release|ARM
		{A9FFF23A-B513-439E-B249-B8B2FC8E3A9A}.AppStore|ARM.Deploy.0 = Release|ARM
		{A9FFF23A-B513-439E-B249-B8B2FC8E3A9A}.AppStore|iPhone.ActiveCfg = Release|x86
		{A9FFF23A-B513-439E-B249-B8B2FC8E3A9A}.AppStore|iPhone.Build.0 = Release|x86
		{A9FFF23A-B513-439E-B249-B8B2FC8E3A9A}.AppStore|iPhone.Deploy.0 = Release|x86
		{A9FFF23A-B513-439E-B249-B8B2FC8E3A9A}.AppStore|iPhoneSimulator.ActiveCfg = Release|x86
		{A9FFF23A-B513-439E-B249-B8B2FC8E3A9A}.AppStore|iPhoneSimulator.Build.0 = Release|x86
		{A9FFF23A-B513-439E-B249-B8B2FC8E3A9A}.AppStore|iPhoneSimulator.Deploy.0 = Release|x86
		{A9FFF23A-B513-439E-B249-B8B2FC8E3A9A}.AppStore|x64.ActiveCfg = Release|x64
		{A9FFF23A-B513-439E-B249-B8B2FC8E3A9A}.AppStore|x64.Build.0 = Release|x64
		{A9FFF23A-B513-439E-B249-B8B2FC8E3A9A}.AppStore|x64.Deploy.0 = Release|x64
		{A9FFF23A-B513-439E-B249-B8B2FC8E3A9A}.AppStore|x86.ActiveCfg = Release|x86
		{A9FFF23A-B513-439E-B249-B8B2FC8E3A9A}.AppStore|x86.Build.0 = Release|x86
		{A9FFF23A-B513-439E-B249-B8B2FC8E3A9A}.AppStore|x86.Deploy.0 = Release|x86
		{A9FFF23A-B513-439E-B249-B8B2FC8E3A9A}.Debug|Any CPU.ActiveCfg = Debug|x86
		{A9FFF23A-B513-439E-B249-B8B2FC8E3A9A}.Debug|ARM.ActiveCfg = Debug|ARM
		{A9FFF23A-B513-439E-B249-B8B2FC8E3A9A}.Debug|ARM.Build.0 = Debug|ARM
		{A9FFF23A-B513-439E-B249-B8B2FC8E3A9A}.Debug|ARM.Deploy.0 = Debug|ARM
		{A9FFF23A-B513-439E-B249-B8B2FC8E3A9A}.Debug|iPhone.ActiveCfg = Debug|x86
		{A9FFF23A-B513-439E-B249-B8B2FC8E3A9A}.Debug|iPhoneSimulator.ActiveCfg = Debug|x86
		{A9FFF23A-B513-439E-B249-B8B2FC8E3A9A}.Debug|x64.ActiveCfg = Debug|x64
		{A9FFF23A-B513-439E-B249-B8B2FC8E3A9A}.Debug|x64.Build.0 = Debug|x64
		{A9FFF23A-B513-439E-B249-B8B2FC8E3A9A}.Debug|x64.Deploy.0 = Debug|x64
		{A9FFF23A-B513-439E-B249-B8B2FC8E3A9A}.Debug|x86.ActiveCfg = Debug|x86
		{A9FFF23A-B513-439E-B249-B8B2FC8E3A9A}.Debug|x86.Build.0 = Debug|x86
		{A9FFF23A-B513-439E-B249-B8B2FC8E3A9A}.Debug|x86.Deploy.0 = Debug|x86
		{A9FFF23A-B513-439E-B249-B8B2FC8E3A9A}.Release|Any CPU.ActiveCfg = Release|x86
		{A9FFF23A-B513-439E-B249-B8B2FC8E3A9A}.Release|ARM.ActiveCfg = Release|ARM
		{A9FFF23A-B513-439E-B249-B8B2FC8E3A9A}.Release|ARM.Build.0 = Release|ARM
		{A9FFF23A-B513-439E-B249-B8B2FC8E3A9A}.Release|ARM.Deploy.0 = Release|ARM
		{A9FFF23A-B513-439E-B249-B8B2FC8E3A9A}.Release|iPhone.ActiveCfg = Release|x86
		{A9FFF23A-B513-439E-B249-B8B2FC8E3A9A}.Release|iPhoneSimulator.ActiveCfg = Release|x86
		{A9FFF23A-B513-439E-B249-B8B2FC8E3A9A}.Release|x64.ActiveCfg = Release|x64
		{A9FFF23A-B513-439E-B249-B8B2FC8E3A9A}.Release|x64.Build.0 = Release|x64
		{A9FFF23A-B513-439E-B249-B8B2FC8E3A9A}.Release|x64.Deploy.0 = Release|x64
		{A9FFF23A-B513-439E-B249-B8B2FC8E3A9A}.Release|x86.ActiveCfg = Release|x86
		{A9FFF23A-B513-439E-B249-B8B2FC8E3A9A}.Release|x86.Build.0 = Release|x86
		{A9FFF23A-B513-439E-B249-B8B2FC8E3A9A}.Release|x86.Deploy.0 = Release|x86
	EndGlobalSection
	GlobalSection(SolutionProperties) = preSolution
		HideSolutionNode = FALSE
	EndGlobalSection
EndGlobal
